[[package]]
category = "main"
description = "A small Python module for determining appropriate platform-specific dirs, e.g. a \"user data dir\"."
name = "appdirs"
optional = false
python-versions = "*"
version = "1.4.3"

[[package]]
category = "main"
description = "Screen-scraping library"
name = "beautifulsoup4"
optional = false
python-versions = "*"
version = "4.8.1"

[package.dependencies]
soupsieve = ">=1.2"

[[package]]
category = "main"
description = "Dummy package for Beautiful Soup"
name = "bs4"
optional = false
python-versions = "*"
version = "0.0.1"

[package.dependencies]
beautifulsoup4 = "*"

[[package]]
category = "main"
description = "Python package for providing Mozilla's CA Bundle."
name = "certifi"
optional = false
python-versions = "*"
version = "2019.9.11"

[[package]]
category = "main"
description = "Universal encoding detector for Python 2 and 3"
name = "chardet"
optional = false
python-versions = "*"
version = "3.0.4"

[[package]]
category = "main"
description = "Composable command line interface toolkit"
name = "click"
optional = false
python-versions = ">=2.7, !=3.0.*, !=3.1.*, !=3.2.*, !=3.3.*"
version = "7.0"

[[package]]
category = "main"
description = "cssselect parses CSS3 Selectors and translates them to XPath 1.0"
name = "cssselect"
optional = false
python-versions = ">=2.7, !=3.0.*, !=3.1.*, !=3.2.*, !=3.3.*"
version = "1.1.0"

[[package]]
category = "main"
description = "Up to date simple useragent faker with real world database"
name = "fake-useragent"
optional = false
python-versions = "*"
version = "0.1.11"

[[package]]
category = "main"
description = "Internationalized Domain Names in Applications (IDNA)"
name = "idna"
optional = false
python-versions = ">=2.7, !=3.0.*, !=3.1.*, !=3.2.*, !=3.3.*"
version = "2.8"

[[package]]
category = "main"
description = "Powerful and Pythonic XML processing library combining libxml2/libxslt with the ElementTree API."
name = "lxml"
optional = false
python-versions = ">=2.7, !=3.0.*, !=3.1.*, !=3.2.*, !=3.3.*, != 3.4.*"
version = "4.4.1"

[[package]]
category = "main"
description = "parse() is the opposite of format()"
name = "parse"
optional = false
python-versions = "*"
version = "1.12.1"

[[package]]
category = "main"
description = "Python Imaging Library (Fork)"
name = "pillow"
optional = false
python-versions = ">=2.7, !=3.0.*, !=3.1.*, !=3.2.*, !=3.3.*"
version = "5.4.1"

[[package]]
category = "main"
description = "A port of node.js's EventEmitter to python."
name = "pyee"
optional = false
python-versions = "*"
version = "6.0.0"

[[package]]
category = "main"
description = "Headless chrome/chromium automation library (unofficial port of puppeteer)"
name = "pyppeteer"
optional = false
python-versions = ">=3.5"
version = "0.0.25"

[package.dependencies]
appdirs = "*"
pyee = "*"
tqdm = "*"
urllib3 = "*"
websockets = "*"

[[package]]
category = "main"
description = "A jquery-like library for python"
name = "pyquery"
optional = false
python-versions = "*"
version = "1.4.0"

[package.dependencies]
cssselect = ">0.7.9"
lxml = ">=2.1"

[[package]]
category = "main"
description = "Python HTTP for Humans."
name = "requests"
optional = false
python-versions = ">=2.7, !=3.0.*, !=3.1.*, !=3.2.*, !=3.3.*, !=3.4.*"
version = "2.22.0"

[package.dependencies]
certifi = ">=2017.4.17"
chardet = ">=3.0.2,<3.1.0"
idna = ">=2.5,<2.9"
urllib3 = ">=1.21.1,<1.25.0 || >1.25.0,<1.25.1 || >1.25.1,<1.26"

[[package]]
category = "main"
description = "HTML Parsing for Humans."
name = "requests-html"
optional = false
python-versions = ">=3.6.0"
version = "0.9.0"

[package.dependencies]
bs4 = "*"
fake-useragent = "*"
parse = "*"
pyppeteer = ">=0.0.14"
pyquery = "*"
requests = "*"
w3lib = "*"

[[package]]
category = "main"
description = "Python 2 and 3 compatibility utilities"
name = "six"
optional = false
python-versions = ">=2.6, !=3.0.*, !=3.1.*"
version = "1.12.0"

[[package]]
category = "main"
description = "A modern CSS selector implementation for Beautiful Soup."
name = "soupsieve"
optional = false
python-versions = "*"
version = "1.9.4"

[[package]]
category = "main"
description = "Fast, Extensible Progress Meter"
name = "tqdm"
optional = false
python-versions = ">=2.6, !=3.0.*, !=3.1.*"
version = "4.36.1"

[[package]]
category = "main"
description = "HTTP library with thread-safe connection pooling, file post, and more."
name = "urllib3"
optional = false
python-versions = ">=2.7, !=3.0.*, !=3.1.*, !=3.2.*, !=3.3.*, <4"
version = "1.25.6"

[[package]]
category = "main"
description = "Library of web-related functions"
name = "w3lib"
optional = false
python-versions = "*"
version = "1.21.0"

[package.dependencies]
six = ">=1.4.1"

[[package]]
category = "main"
description = "An implementation of the WebSocket Protocol (RFC 6455 & 7692)"
name = "websockets"
optional = false
python-versions = ">=3.6"
version = "8.0.2"

[metadata]
content-hash = "c2a26eb3225d1cd0d8a0e55b98930ec3cd12dd818fd7771d5f5ddb6d0cab51a4"
python-versions = "^3.7"

[metadata.hashes]
appdirs = ["9e5896d1372858f8dd3344faf4e5014d21849c756c8d5701f78f8a103b372d92", "d8b24664561d0d34ddfaec54636d502d7cea6e29c3eaf68f3df6180863e2166e"]
beautifulsoup4 = ["5279c36b4b2ec2cb4298d723791467e3000e5384a43ea0cdf5d45207c7e97169", "6135db2ba678168c07950f9a16c4031822c6f4aec75a65e0a97bc5ca09789931", "dcdef580e18a76d54002088602eba453eec38ebbcafafeaabd8cab12b6155d57"]
bs4 = ["36ecea1fd7cc5c0c6e4a1ff075df26d50da647b75376626cc186e2212886dd3a"]
certifi = ["e4f3620cfea4f83eedc95b24abd9cd56f3c4b146dd0177e83a21b4eb49e21e50", "fd7c7c74727ddcf00e9acd26bba8da604ffec95bf1c2144e67aff7a8b50e6cef"]
chardet = ["84ab92ed1c4d4f16916e05906b6b75a6c0fb5db821cc65e70cbd64a3e2a5eaae", "fc323ffcaeaed0e0a02bf4d117757b98aed530d9ed4531e3e15460124c106691"]
click = ["2335065e6395b9e67ca716de5f7526736bfa6ceead690adf616d925bdc622b13", "5b94b49521f6456670fdb30cd82a4eca9412788a93fa6dd6df72c94d5a8ff2d7"]
cssselect = ["f612ee47b749c877ebae5bb77035d8f4202c6ad0f0fc1271b3c18ad6c4468ecf", "f95f8dedd925fd8f54edb3d2dfb44c190d9d18512377d3c1e2388d16126879bc"]
fake-useragent = ["c104998b750eb097eefc28ae28e92d66397598d2cf41a31aa45d5559ef1adf35"]
idna = ["c357b3f628cf53ae2c4c05627ecc484553142ca23264e593d327bcde5e9c3407", "ea8b7f6188e6fa117537c3df7da9fc686d485087abf6ac197f9c46432f7e4a3c"]
lxml = ["02ca7bf899da57084041bb0f6095333e4d239948ad3169443f454add9f4e9cb4", "096b82c5e0ea27ce9138bcbb205313343ee66a6e132f25c5ed67e2c8d960a1bc", "0a920ff98cf1aac310470c644bc23b326402d3ef667ddafecb024e1713d485f1", "17cae1730a782858a6e2758fd20dd0ef7567916c47757b694a06ffafdec20046", "17e3950add54c882e032527795c625929613adbd2ce5162b94667334458b5a36", "1f4f214337f6ee5825bf90a65d04d70aab05526c08191ab888cb5149501923c5", "2e8f77db25b0a96af679e64ff9bf9dddb27d379c9900c3272f3041c4d1327c9d", "4dffd405390a45ecb95ab5ab1c1b847553c18b0ef8ed01e10c1c8b1a76452916", "6b899931a5648862c7b88c795eddff7588fb585e81cecce20f8d9da16eff96e0", "726c17f3e0d7a7200718c9a890ccfeab391c9133e363a577a44717c85c71db27", "760c12276fee05c36f95f8040180abc7fbebb9e5011447a97cdc289b5d6ab6fc", "796685d3969815a633827c818863ee199440696b0961e200b011d79b9394bbe7", "891fe897b49abb7db470c55664b198b1095e4943b9f82b7dcab317a19116cd38", "a471628e20f03dcdfde00770eeaf9c77811f0c331c8805219ca7b87ac17576c5", "a63b4fd3e2cabdcc9d918ed280bdde3e8e9641e04f3c59a2a3109644a07b9832", "b0b84408d4eabc6de9dd1e1e0bc63e7731e890c0b378a62443e5741cfd0ae90a", "be78485e5d5f3684e875dab60f40cddace2f5b2a8f7fede412358ab3214c3a6f", "c27eaed872185f047bb7f7da2d21a7d8913457678c9a100a50db6da890bc28b9", "c81cb40bff373ab7a7446d6bbca0190bccc5be3448b47b51d729e37799bb5692", "d11874b3c33ee441059464711cd365b89fa1a9cf19ae75b0c189b01fbf735b84", "e9c028b5897901361d81a4718d1db217b716424a0283afe9d6735fe0caf70f79", "fe489d486cd00b739be826e8c1be188ddb74c7a1ca784d93d06fda882a6a1681"]
parse = ["a5fca7000c6588d77bc65c28f3f21bfce03b5e44daa8f9f07c17fe364990d717"]
pillow = ["01a501be4ae05fd714d269cb9c9f145518e58e73faa3f140ddb67fae0c2607b1", "051de330a06c99d6f84bcf582960487835bcae3fc99365185dc2d4f65a390c0e", "07c35919f983c2c593498edcc126ad3a94154184899297cc9d27a6587672cbaa", "0ae5289948c5e0a16574750021bd8be921c27d4e3527800dc9c2c1d2abc81bf7", "0b1efce03619cdbf8bcc61cfae81fcda59249a469f31c6735ea59badd4a6f58a", "0cf0208500df8d0c3cad6383cd98a2d038b0678fd4f777a8f7e442c5faeee81d", "163136e09bd1d6c6c6026b0a662976e86c58b932b964f255ff384ecc8c3cefa3", "18e912a6ccddf28defa196bd2021fe33600cbe5da1aa2f2e2c6df15f720b73d1", "24ec3dea52339a610d34401d2d53d0fb3c7fd08e34b20c95d2ad3973193591f1", "267f8e4c0a1d7e36e97c6a604f5b03ef58e2b81c1becb4fccecddcb37e063cc7", "3273a28734175feebbe4d0a4cde04d4ed20f620b9b506d26f44379d3c72304e1", "39fbd5d62167197318a0371b2a9c699ce261b6800bb493eadde2ba30d868fe8c", "4132c78200372045bb348fcad8d52518c8f5cfc077b1089949381ee4a61f1c6d", "4baab2d2da57b0d9d544a2ce0f461374dd90ccbcf723fe46689aff906d43a964", "4c678e23006798fc8b6f4cef2eaad267d53ff4c1779bd1af8725cc11b72a63f3", "4d4bc2e6bb6861103ea4655d6b6f67af8e5336e7216e20fff3e18ffa95d7a055", "505738076350a337c1740a31646e1de09a164c62c07db3b996abdc0f9d2e50cf", "5233664eadfa342c639b9b9977190d64ad7aca4edc51a966394d7e08e7f38a9f", "52e2e56fc3706d8791761a157115dc8391319720ad60cc32992350fda74b6be2", "5337ac3280312aa065ed0a8ec1e4b6142e9f15c31baed36b5cd964745853243f", "5ccd97e0f01f42b7e35907272f0f8ad2c3660a482d799a0c564c7d50e83604d4", "5d95cb9f6cced2628f3e4de7e795e98b2659dfcc7176ab4a01a8b48c2c2f488f", "634209852cc06c0c1243cc74f8fdc8f7444d866221de51125f7b696d775ec5ca", "75d1f20bd8072eff92c5f457c266a61619a02d03ece56544195c56d41a1a0522", "7eda4c737637af74bac4b23aa82ea6fbb19002552be85f0b89bc27e3a762d239", "801ddaa69659b36abf4694fed5aa9f61d1ecf2daaa6c92541bbbbb775d97b9fe", "825aa6d222ce2c2b90d34a0ea31914e141a85edefc07e17342f1d2fdf121c07c", "87fe838f9dac0597f05f2605c0700b1926f9390c95df6af45d83141e0c514bd9", "9c215442ff8249d41ff58700e91ef61d74f47dfd431a50253e1a1ca9436b0697", "a3d90022f2202bbb14da991f26ca7a30b7e4c62bf0f8bf9825603b22d7e87494", "a631fd36a9823638fe700d9225f9698fb59d049c942d322d4c09544dc2115356", "a6523a23a205be0fe664b6b8747a5c86d55da960d9586db039eec9f5c269c0e6", "a756ecf9f4b9b3ed49a680a649af45a8767ad038de39e6c030919c2f443eb000", "ac036b6a6bac7010c58e643d78c234c2f7dc8bb7e591bd8bc3555cf4b1527c28", "b117287a5bdc81f1bac891187275ec7e829e961b8032c9e5ff38b70fd036c78f", "ba04f57d1715ca5ff74bb7f8a818bf929a204b3b3c2c2826d1e1cc3b1c13398c", "ba6ef2bd62671c7fb9cdb3277414e87a5cd38b86721039ada1464f7452ad30b2", "c8939dba1a37960a502b1a030a4465c46dd2c2bca7adf05fa3af6bea594e720e", "cd878195166723f30865e05d87cbaf9421614501a4bd48792c5ed28f90fd36ca", "cee815cc62d136e96cf76771b9d3eb58e0777ec18ea50de5cfcede8a7c429aa8", "d1722b7aa4b40cf93ac3c80d3edd48bf93b9208241d166a14ad8e7a20ee1d4f3", "d7c1c06246b05529f9984435fc4fa5a545ea26606e7f450bdbe00c153f5aeaad", "db418635ea20528f247203bf131b40636f77c8209a045b89fa3badb89e1fcea0", "e1555d4fda1db8005de72acf2ded1af660febad09b4708430091159e8ae1963e", "e9c8066249c040efdda84793a2a669076f92a301ceabe69202446abb4c5c5ef9", "e9f13711780c981d6eadd6042af40e172548c54b06266a1aabda7de192db0838", "f0e3288b92ca5dbb1649bd00e80ef652a72b657dc94989fa9c348253d179054b", "f227d7e574d050ff3996049e086e1f18c7bd2d067ef24131e50a1d3fe5831fbc", "f62b1aeb5c2ced8babd4fbba9c74cbef9de309f5ed106184b12d9778a3971f15", "f71ff657e63a9b24cac254bb8c9bd3c89c7a1b5e00ee4b3997ca1c18100dac28", "fc9a12aad714af36cf3ad0275a96a733526571e52710319855628f476dcb144e"]
pyee = ["a9c9b60e8693a260dd942ef5a71358cfcbba15792d5e72caf0e3c891c4e91c3b", "dbe44f61c40a995d2bdfd83d9fcb87ae025882d2c7f366513325e3daa09d7ede"]
pyppeteer = ["51fe769b722a1718043b74d12c20420f29e0dd9eeea2b66652b7f93a9ad465dd"]
pyquery = ["07987c2ed2aed5cba29ff18af95e56e9eb04a2249f42ce47bddfb37f487229a3", "4771db76bd14352eba006463656aef990a0147a0eeaf094725097acfa90442bf"]
requests = ["11e007a8a2aa0323f5a921e9e6a2d7e4e67d9877e85773fba9ba6419025cbeb4", "9cf5292fcd0f598c671cfc1e0d7d1a7f13bb8085e9a590f48c010551dc6c4b31"]
requests-html = ["34257d5249b20b8ed14573eba910f48032a61205e70d11ce8a3ef6abf8edc50b", "9686f21c5753ba6c025c6ba223a8329c7b149a935a73055097faf8999eee85b1"]
six = ["3350809f0555b11f552448330d0b52d5f24c91a322ea4a15ef22629740f3761c", "d16a0141ec1a18405cd4ce8b4613101da75da0e9a7aec5bdd4fa804d0e0eba73"]
soupsieve = ["605f89ad5fdbfefe30cdc293303665eff2d188865d4dbe4eb510bba1edfbfce3", "b91d676b330a0ebd5b21719cb6e9b57c57d433671f65b9c28dd3461d9a1ed0b6"]
tqdm = ["abc25d0ce2397d070ef07d8c7e706aede7920da163c64997585d42d3537ece3d", "dd3fcca8488bb1d416aa7469d2f277902f26260c45aa86b667b074cd44b3b115"]
urllib3 = ["3de946ffbed6e6746608990594d08faac602528ac7015ac28d33cee6a45b7398", "9a107b99a5393caf59c7aa3c1249c16e6879447533d0887f4336dde834c7be86"]
w3lib = ["847704b837b2b973cddef6938325d466628e6078266bc2e1f7ac49ba85c34823", "8b1854fef570b5a5fc84d960e025debd110485d73fd283580376104762774315"]
websockets = ["049e694abe33f8a1d99969fee7bfc0ae6761f7fd5f297c58ea933b27dd6805f2", "73ce69217e4655783ec72ce11c151053fcbd5b837cc39de7999e19605182e28a", "83e63aa73331b9ca21af61df8f115fb5fbcba3f281bee650a4ad16a40cd1ef15", "882a7266fa867a2ebb2c0baaa0f9159cabf131cf18c1b4270d79ad42f9208dc5", "8c77f7d182a6ea2a9d09c2612059f3ad859a90243e899617137ee3f6b7f2b584", "8d7a20a2f97f1e98c765651d9fb9437201a9ccc2c70e94b0270f1c5ef29667a3", "a7affaeffbc5d55681934c16bb6b8fc82bb75b175e7fd4dcca798c938bde8dda", "c82e286555f839846ef4f0fdd6910769a577952e1e26aa8ee7a6f45f040e3c2b", "e906128532a14b9d264a43eb48f9b3080d53a9bda819ab45bf56b8039dc606ac", "e9102043a81cdc8b7c8032ff4bce39f6229e4ac39cb2010946c912eeb84e2cb6", "f5cb2683367e32da6a256b60929a3af9c29c212b5091cf5bace9358d03011bf5"]
